
Microsoft Visual Studio Solution File, Format Version 12.00
# Visual Studio Version 16
VisualStudioVersion = 16.0.30011.22
MinimumVisualStudioVersion = 10.0.40219.1
Project("{9A19103F-16F7-4668-BE54-9A1E7A4F7556}") = "TableOfProcesses.WebApplication", "server\TableOfProcesses.WebApplication\TableOfProcesses.WebApplication.csproj", "{AB7F98CA-F2D0-4A32-92BC-4DBA557B10DF}"
EndProject
Project("{2150E333-8FDC-42A3-9474-1A3956D46DE8}") = "client", "client", "{CE213260-9566-42DA-B50F-598D1BC4C391}"
	ProjectSection(SolutionItems) = preProject
		client\index.html = client\index.html
		client\Script1.js = client\Script1.js
	EndProjectSection
EndProject
Project("{2150E333-8FDC-42A3-9474-1A3956D46DE8}") = "server", "server", "{B8FDACC0-4330-4F05-9E06-AA2C13051A7C}"
EndProject
Global
	GlobalSection(SolutionConfigurationPlatforms) = preSolution
		Debug|Any CPU = Debug|Any CPU
		Release|Any CPU = Release|Any CPU
	EndGlobalSection
	GlobalSection(ProjectConfigurationPlatforms) = postSolution
		{AB7F98CA-F2D0-4A32-92BC-4DBA557B10DF}.Debug|Any CPU.ActiveCfg = Debug|Any CPU
		{AB7F98CA-F2D0-4A32-92BC-4DBA557B10DF}.Debug|Any CPU.Build.0 = Debug|Any CPU
		{AB7F98CA-F2D0-4A32-92BC-4DBA557B10DF}.Release|Any CPU.ActiveCfg = Release|Any CPU
		{AB7F98CA-F2D0-4A32-92BC-4DBA557B10DF}.Release|Any CPU.Build.0 = Release|Any CPU
	EndGlobalSection
	GlobalSection(SolutionProperties) = preSolution
		HideSolutionNode = FALSE
	EndGlobalSection
	GlobalSection(NestedProjects) = preSolution
		{AB7F98CA-F2D0-4A32-92BC-4DBA557B10DF} = {B8FDACC0-4330-4F05-9E06-AA2C13051A7C}
	EndGlobalSection
	GlobalSection(ExtensibilityGlobals) = postSolution
		SolutionGuid = {6D5BB983-2F02-4D0B-B0CA-459D922BFB86}
	EndGlobalSection
EndGlobal
